
Microsoft Visual Studio Solution File, Format Version 12.00
# Visual Studio Version 17
VisualStudioVersion = 17.10.34928.147
MinimumVisualStudioVersion = 10.0.40219.1
Project("{9A19103F-16F7-4668-BE54-9A1E7A4F7556}") = "DevOpsTesting", "DevOpsTesting\DevOpsTesting.csproj", "{A7A1956E-D72F-46AB-8244-3F0187601C7F}"
EndProject
Project("{9A19103F-16F7-4668-BE54-9A1E7A4F7556}") = "DevOpsTesting.Tests", "DevOpsTesting.Tests\DevOpsTesting.Tests.csproj", "{BAADC737-B7EB-44DE-901B-A74BFA3E794F}"
EndProject
Project("{2150E333-8FDC-42A3-9474-1A3956D46DE8}") = "Solution Items", "Solution Items", "{C349452D-C487-4A28-88E9-EE79EB7A32A2}"
	ProjectSection(SolutionItems) = preProject
		.editorconfig = .editorconfig
	EndProjectSection
EndProject
Global
	GlobalSection(SolutionConfigurationPlatforms) = preSolution
		Debug|Any CPU = Debug|Any CPU
		Release|Any CPU = Release|Any CPU
	EndGlobalSection
	GlobalSection(ProjectConfigurationPlatforms) = postSolution
		{A7A1956E-D72F-46AB-8244-3F0187601C7F}.Debug|Any CPU.ActiveCfg = Debug|Any CPU
		{A7A1956E-D72F-46AB-8244-3F0187601C7F}.Debug|Any CPU.Build.0 = Debug|Any CPU
		{A7A1956E-D72F-46AB-8244-3F0187601C7F}.Release|Any CPU.ActiveCfg = Release|Any CPU
		{A7A1956E-D72F-46AB-8244-3F0187601C7F}.Release|Any CPU.Build.0 = Release|Any CPU
		{BAADC737-B7EB-44DE-901B-A74BFA3E794F}.Debug|Any CPU.ActiveCfg = Debug|Any CPU
		{BAADC737-B7EB-44DE-901B-A74BFA3E794F}.Debug|Any CPU.Build.0 = Debug|Any CPU
		{BAADC737-B7EB-44DE-901B-A74BFA3E794F}.Release|Any CPU.ActiveCfg = Release|Any CPU
		{BAADC737-B7EB-44DE-901B-A74BFA3E794F}.Release|Any CPU.Build.0 = Release|Any CPU
	EndGlobalSection
	GlobalSection(SolutionProperties) = preSolution
		HideSolutionNode = FALSE
	EndGlobalSection
	GlobalSection(ExtensibilityGlobals) = postSolution
		SolutionGuid = {6EEF3A39-FD4D-44A5-AE63-B6C456A17F46}
	EndGlobalSection
EndGlobal
